
Microsoft Visual Studio Solution File, Format Version 12.00
# Visual Studio 15
VisualStudioVersion = 15.0.28010.2050
MinimumVisualStudioVersion = 10.0.40219.1
Project("{FAE04EC0-301F-11D3-BF4B-00C04F79EFBC}") = "CSRSMSystem.View", "CSRSMSystem.View\CSRSMSystem.View.csproj", "{C6FAC5BB-4FFB-4AC8-91B9-80788B04E14B}"
EndProject
Project("{FAE04EC0-301F-11D3-BF4B-00C04F79EFBC}") = "CSRSMSystem.Model", "CSRSMSystem.Model\CSRSMSystem.Model.csproj", "{A454EA20-4510-4095-B18C-C56C29AC9A1C}"
EndProject
Project("{FAE04EC0-301F-11D3-BF4B-00C04F79EFBC}") = "CSRSMSystem.DAO", "CSRSMSystem.DAO\CSRSMSystem.DAO.csproj", "{C88A0307-2072-401C-AA04-A60C142BAC1F}"
EndProject
Project("{FAE04EC0-301F-11D3-BF4B-00C04F79EFBC}") = "CSRSMSystem.Entities", "CSRSMSystem.Entities\CSRSMSystem.Entities.csproj", "{68294F0A-A46D-46B2-B821-A26B8CA536F8}"
EndProject
Global
	GlobalSection(SolutionConfigurationPlatforms) = preSolution
		Debug|Any CPU = Debug|Any CPU
		Release|Any CPU = Release|Any CPU
	EndGlobalSection
	GlobalSection(ProjectConfigurationPlatforms) = postSolution
		{C6FAC5BB-4FFB-4AC8-91B9-80788B04E14B}.Debug|Any CPU.ActiveCfg = Debug|Any CPU
		{C6FAC5BB-4FFB-4AC8-91B9-80788B04E14B}.Debug|Any CPU.Build.0 = Debug|Any CPU
		{C6FAC5BB-4FFB-4AC8-91B9-80788B04E14B}.Release|Any CPU.ActiveCfg = Release|Any CPU
		{C6FAC5BB-4FFB-4AC8-91B9-80788B04E14B}.Release|Any CPU.Build.0 = Release|Any CPU
		{A454EA20-4510-4095-B18C-C56C29AC9A1C}.Debug|Any CPU.ActiveCfg = Debug|Any CPU
		{A454EA20-4510-4095-B18C-C56C29AC9A1C}.Debug|Any CPU.Build.0 = Debug|Any CPU
		{A454EA20-4510-4095-B18C-C56C29AC9A1C}.Release|Any CPU.ActiveCfg = Release|Any CPU
		{A454EA20-4510-4095-B18C-C56C29AC9A1C}.Release|Any CPU.Build.0 = Release|Any CPU
		{C88A0307-2072-401C-AA04-A60C142BAC1F}.Debug|Any CPU.ActiveCfg = Debug|Any CPU
		{C88A0307-2072-401C-AA04-A60C142BAC1F}.Debug|Any CPU.Build.0 = Debug|Any CPU
		{C88A0307-2072-401C-AA04-A60C142BAC1F}.Release|Any CPU.ActiveCfg = Release|Any CPU
		{C88A0307-2072-401C-AA04-A60C142BAC1F}.Release|Any CPU.Build.0 = Release|Any CPU
		{68294F0A-A46D-46B2-B821-A26B8CA536F8}.Debug|Any CPU.ActiveCfg = Debug|Any CPU
		{68294F0A-A46D-46B2-B821-A26B8CA536F8}.Debug|Any CPU.Build.0 = Debug|Any CPU
		{68294F0A-A46D-46B2-B821-A26B8CA536F8}.Release|Any CPU.ActiveCfg = Release|Any CPU
		{68294F0A-A46D-46B2-B821-A26B8CA536F8}.Release|Any CPU.Build.0 = Release|Any CPU
	EndGlobalSection
	GlobalSection(SolutionProperties) = preSolution
		HideSolutionNode = FALSE
	EndGlobalSection
	GlobalSection(ExtensibilityGlobals) = postSolution
		SolutionGuid = {4C637769-F73D-4527-B727-3D884D1DC5E1}
	EndGlobalSection
EndGlobal
