
Microsoft Visual Studio Solution File, Format Version 12.00
# Visual Studio 15
VisualStudioVersion = 15.0.28010.2050
MinimumVisualStudioVersion = 10.0.40219.1
Project("{FAE04EC0-301F-11D3-BF4B-00C04F79EFBC}") = "SMS.View", "SMS.View\SMS.View.csproj", "{DE6E4E31-1C0A-4AD3-BC02-CA722DC39260}"
EndProject
Project("{FAE04EC0-301F-11D3-BF4B-00C04F79EFBC}") = "SMS.Model", "SMS.Model\SMS.Model.csproj", "{DE548380-D8E2-490E-9E5E-8D173265967B}"
EndProject
Project("{FAE04EC0-301F-11D3-BF4B-00C04F79EFBC}") = "SMS.Controllers", "SMS.Controllers\SMS.Controllers.csproj", "{C6F13EA3-C1BF-4E94-BD12-144679B0D39B}"
EndProject
Project("{FAE04EC0-301F-11D3-BF4B-00C04F79EFBC}") = "SMS.Entities", "SMS.Entities\SMS.Entities.csproj", "{DD28E21C-5A77-4732-8F0E-9FA3D47547B1}"
EndProject
Global
	GlobalSection(SolutionConfigurationPlatforms) = preSolution
		Debug|Any CPU = Debug|Any CPU
		Release|Any CPU = Release|Any CPU
	EndGlobalSection
	GlobalSection(ProjectConfigurationPlatforms) = postSolution
		{DE6E4E31-1C0A-4AD3-BC02-CA722DC39260}.Debug|Any CPU.ActiveCfg = Debug|Any CPU
		{DE6E4E31-1C0A-4AD3-BC02-CA722DC39260}.Debug|Any CPU.Build.0 = Debug|Any CPU
		{DE6E4E31-1C0A-4AD3-BC02-CA722DC39260}.Release|Any CPU.ActiveCfg = Release|Any CPU
		{DE6E4E31-1C0A-4AD3-BC02-CA722DC39260}.Release|Any CPU.Build.0 = Release|Any CPU
		{DE548380-D8E2-490E-9E5E-8D173265967B}.Debug|Any CPU.ActiveCfg = Debug|Any CPU
		{DE548380-D8E2-490E-9E5E-8D173265967B}.Debug|Any CPU.Build.0 = Debug|Any CPU
		{DE548380-D8E2-490E-9E5E-8D173265967B}.Release|Any CPU.ActiveCfg = Release|Any CPU
		{DE548380-D8E2-490E-9E5E-8D173265967B}.Release|Any CPU.Build.0 = Release|Any CPU
		{C6F13EA3-C1BF-4E94-BD12-144679B0D39B}.Debug|Any CPU.ActiveCfg = Debug|Any CPU
		{C6F13EA3-C1BF-4E94-BD12-144679B0D39B}.Debug|Any CPU.Build.0 = Debug|Any CPU
		{C6F13EA3-C1BF-4E94-BD12-144679B0D39B}.Release|Any CPU.ActiveCfg = Release|Any CPU
		{C6F13EA3-C1BF-4E94-BD12-144679B0D39B}.Release|Any CPU.Build.0 = Release|Any CPU
		{DD28E21C-5A77-4732-8F0E-9FA3D47547B1}.Debug|Any CPU.ActiveCfg = Debug|Any CPU
		{DD28E21C-5A77-4732-8F0E-9FA3D47547B1}.Debug|Any CPU.Build.0 = Debug|Any CPU
		{DD28E21C-5A77-4732-8F0E-9FA3D47547B1}.Release|Any CPU.ActiveCfg = Release|Any CPU
		{DD28E21C-5A77-4732-8F0E-9FA3D47547B1}.Release|Any CPU.Build.0 = Release|Any CPU
	EndGlobalSection
	GlobalSection(SolutionProperties) = preSolution
		HideSolutionNode = FALSE
	EndGlobalSection
	GlobalSection(ExtensibilityGlobals) = postSolution
		SolutionGuid = {7D67493E-CC30-4EFF-B640-F4E46B7024FA}
	EndGlobalSection
EndGlobal
